
Microsoft Visual Studio Solution File, Format Version 12.00
# Visual Studio Version 16
VisualStudioVersion = 16.0.31702.278
MinimumVisualStudioVersion = 10.0.40219.1
Project("{FAE04EC0-301F-11D3-BF4B-00C04F79EFBC}") = "DodoAPI", "DodoAPI\DodoAPI.csproj", "{1F840E37-76E2-498D-A3FB-C3C149A881CB}"
EndProject
Global
	GlobalSection(SolutionConfigurationPlatforms) = preSolution
		Debug|Any CPU = Debug|Any CPU
		Release|Any CPU = Release|Any CPU
	EndGlobalSection
	GlobalSection(ProjectConfigurationPlatforms) = postSolution
		{1F840E37-76E2-498D-A3FB-C3C149A881CB}.Debug|Any CPU.ActiveCfg = Debug|Any CPU
		{1F840E37-76E2-498D-A3FB-C3C149A881CB}.Debug|Any CPU.Build.0 = Debug|Any CPU
		{1F840E37-76E2-498D-A3FB-C3C149A881CB}.Release|Any CPU.ActiveCfg = Release|Any CPU
		{1F840E37-76E2-498D-A3FB-C3C149A881CB}.Release|Any CPU.Build.0 = Release|Any CPU
	EndGlobalSection
	GlobalSection(SolutionProperties) = preSolution
		HideSolutionNode = FALSE
	EndGlobalSection
	GlobalSection(ExtensibilityGlobals) = postSolution
		SolutionGuid = {DFA41D57-99EF-4A70-B40A-2E081599CEEB}
	EndGlobalSection
EndGlobal
